PODS:
  - Expecta (1.0.6)
  - KObserverCallback (0.1.0)
  - Specta (1.0.7)

DEPENDENCIES:
  - Expecta
  - KObserverCallback (from `../`)
  - Specta

SPEC REPOS:
  https://github.com/cocoapods/specs.git:
    - Expecta
    - Specta

EXTERNAL SOURCES:
  KObserverCallback:
    :path: "../"

SPEC CHECKSUMS:
  Expecta: 3b6bd90a64b9a1dcb0b70aa0e10a7f8f631667d5
  KObserverCallback: 8c2a838061ae13f07116b8f5f11c650166529430
  Specta: 3e1bd89c3517421982dc4d1c992503e48bd5fe66

PODFILE CHECKSUM: 36fa61ff06e817f18762ecf8f697805362068cc2

COCOAPODS: 1.6.1
